// !$*UTF8*$!
{
	archiveVersion = 1;
	classes = {
	};
	objectVersion = 46;
	objects = {

/* Begin PBXBuildFile section */
		CC2781F51E77B1CA00DEC419 /* Bolts.framework in Frameworks */ = {isa = PBXBuildFile; fileRef = CC2781F21E77B1CA00DEC419 /* Bolts.framework */; };
		CC2781F61E77B1CA00DEC419 /* Parse.framework in Frameworks */ = {isa = PBXBuildFile; fileRef = CC2781F31E77B1CA00DEC419 /* Parse.framework */; };
		CC2781F71E77B1CA00DEC419 /* ParseUI.framework in Frameworks */ = {isa = PBXBuildFile; fileRef = CC2781F41E77B1CA00DEC419 /* ParseUI.framework */; };
		CC2781FA1E78F2C300DEC419 /* CoreAnimationViewController.m in Sources */ = {isa = PBXBuildFile; fileRef = CC2781F91E78F2C300DEC419 /* CoreAnimationViewController.m */; };
		CC37322E1E9EFB7C0006E6F7 /* DesignPatternViewController.m in Sources */ = {isa = PBXBuildFile; fileRef = CC37322D1E9EFB7C0006E6F7 /* DesignPatternViewController.m */; };
		CC3732321E9EFC3E0006E6F7 /* Album.m in Sources */ = {isa = PBXBuildFile; fileRef = CC3732311E9EFC3E0006E6F7 /* Album.m */; };
		CC3732351E9EFCF80006E6F7 /* AlbumView.m in Sources */ = {isa = PBXBuildFile; fileRef = CC3732341E9EFCF80006E6F7 /* AlbumView.m */; };
		CC37323C1E9EFFCE0006E6F7 /* LibraryAPI.m in Sources */ = {isa = PBXBuildFile; fileRef = CC37323B1E9EFFCE0006E6F7 /* LibraryAPI.m */; };
		CC37323F1E9F047A0006E6F7 /* PersistencyManager.m in Sources */ = {isa = PBXBuildFile; fileRef = CC37323E1E9F047A0006E6F7 /* PersistencyManager.m */; };
		CC3732421E9F06DA0006E6F7 /* HTTPClient.m in Sources */ = {isa = PBXBuildFile; fileRef = CC3732411E9F06D90006E6F7 /* HTTPClient.m */; };
		CC3732451E9F1FC30006E6F7 /* Album+TableRepresentation.m in Sources */ = {isa = PBXBuildFile; fileRef = CC3732441E9F1FC30006E6F7 /* Album+TableRepresentation.m */; };
		CC3732481E9F9A2F0006E6F7 /* HorizontalScroller.m in Sources */ = {isa = PBXBuildFile; fileRef = CC3732471E9F9A2F0006E6F7 /* HorizontalScroller.m */; };
		CC5F8A521E71128C00857008 /* main.m in Sources */ = {isa = PBXBuildFile; fileRef = CC5F8A511E71128C00857008 /* main.m */; };
		CC5F8A551E71128C00857008 /* AppDelegate.m in Sources */ = {isa = PBXBuildFile; fileRef = CC5F8A541E71128C00857008 /* AppDelegate.m */; };
		CC5F8A5B1E71128C00857008 /* Main.storyboard in Resources */ = {isa = PBXBuildFile; fileRef = CC5F8A591E71128C00857008 /* Main.storyboard */; };
		CC5F8A5D1E71128C00857008 /* Assets.xcassets in Resources */ = {isa = PBXBuildFile; fileRef = CC5F8A5C1E71128C00857008 /* Assets.xcassets */; };
		CC5F8A601E71128C00857008 /* LaunchScreen.storyboard in Resources */ = {isa = PBXBuildFile; fileRef = CC5F8A5E1E71128C00857008 /* LaunchScreen.storyboard */; };
		CC5F8A6B1E71128C00857008 /* DianDianDiDiTests.m in Sources */ = {isa = PBXBuildFile; fileRef = CC5F8A6A1E71128C00857008 /* DianDianDiDiTests.m */; };
		CC5F8A761E71128C00857008 /* DianDianDiDiUITests.m in Sources */ = {isa = PBXBuildFile; fileRef = CC5F8A751E71128C00857008 /* DianDianDiDiUITests.m */; };
		CC5F8A851E7115FA00857008 /* ListTableViewController.m in Sources */ = {isa = PBXBuildFile; fileRef = CC5F8A841E7115FA00857008 /* ListTableViewController.m */; };
		CC5F8A881E74A1E700857008 /* CustomizeCollectionViewController.m in Sources */ = {isa = PBXBuildFile; fileRef = CC5F8A871E74A1E700857008 /* CustomizeCollectionViewController.m */; };
		CC6C21411E7E1EAF00BA7F66 /* MixScrollViewAndTableViewController.m in Sources */ = {isa = PBXBuildFile; fileRef = CC6C21401E7E1EAF00BA7F66 /* MixScrollViewAndTableViewController.m */; };
		CC6C21451E7E2BE600BA7F66 /* HeaderView.m in Sources */ = {isa = PBXBuildFile; fileRef = CC6C21441E7E2BE600BA7F66 /* HeaderView.m */; };
		CC6C21471E7E2BF200BA7F66 /* HeaderView.xib in Resources */ = {isa = PBXBuildFile; fileRef = CC6C21461E7E2BF200BA7F66 /* HeaderView.xib */; };
		CC6C21501E7F86F000BA7F66 /* CustomizedSegmentedControl.m in Sources */ = {isa = PBXBuildFile; fileRef = CC6C214F1E7F86F000BA7F66 /* CustomizedSegmentedControl.m */; };
		CC6C21531E84B5C400BA7F66 /* ImageProcessingDemoViewController.m in Sources */ = {isa = PBXBuildFile; fileRef = CC6C21521E84B5C400BA7F66 /* ImageProcessingDemoViewController.m */; };
		CCC293101E75D864005324D8 /* ParseServerDemoViewController.m in Sources */ = {isa = PBXBuildFile; fileRef = CCC2930F1E75D864005324D8 /* ParseServerDemoViewController.m */; };
		CCC293121E75D916005324D8 /* ParseServerDemoViewController.xib in Resources */ = {isa = PBXBuildFile; fileRef = CCC293111E75D916005324D8 /* ParseServerDemoViewController.xib */; };
		CCFB68921E750AD600B3D766 /* listDates.json in Resources */ = {isa = PBXBuildFile; fileRef = CCFB68911E750AD600B3D766 /* listDates.json */; };
/* End PBXBuildFile section */

/* Begin PBXContainerItemProxy section */
		CC5F8A671E71128C00857008 /* PBXContainerItemProxy */ = {
			isa = PBXContainerItemProxy;
			containerPortal = CC5F8A451E71128B00857008 /* Project object */;
			proxyType = 1;
			remoteGlobalIDString = CC5F8A4C1E71128C00857008;
			remoteInfo = DianDianDiDi;
		};
		CC5F8A721E71128C00857008 /* PBXContainerItemProxy */ = {
			isa = PBXContainerItemProxy;
			containerPortal = CC5F8A451E71128B00857008 /* Project object */;
			proxyType = 1;
			remoteGlobalIDString = CC5F8A4C1E71128C00857008;
			remoteInfo = DianDianDiDi;
		};
/* End PBXContainerItemProxy section */

/* Begin PBXFileReference section */
		CC2781F21E77B1CA00DEC419 /* Bolts.framework */ = {isa = PBXFileReference; lastKnownFileType = wrapper.framework; name = Bolts.framework; path = Framework/Bolts.framework; sourceTree = "<group>"; };
		CC2781F31E77B1CA00DEC419 /* Parse.framework */ = {isa = PBXFileReference; lastKnownFileType = wrapper.framework; name = Parse.framework; path = Framework/Parse.framework; sourceTree = "<group>"; };
		CC2781F41E77B1CA00DEC419 /* ParseUI.framework */ = {isa = PBXFileReference; lastKnownFileType = wrapper.framework; name = ParseUI.framework; path = Framework/ParseUI.framework; sourceTree = "<group>"; };
		CC2781F81E78F2C300DEC419 /* CoreAnimationViewController.h */ = {isa = PBXFileReference; fileEncoding = 4; lastKnownFileType = sourcecode.c.h; path = CoreAnimationViewController.h; sourceTree = "<group>"; };
		CC2781F91E78F2C300DEC419 /* CoreAnimationViewController.m */ = {isa = PBXFileReference; fileEncoding = 4; lastKnownFileType = sourcecode.c.objc; path = CoreAnimationViewController.m; sourceTree = "<group>"; };
		CC37322C1E9EFB7C0006E6F7 /* DesignPatternViewController.h */ = {isa = PBXFileReference; fileEncoding = 4; lastKnownFileType = sourcecode.c.h; path = DesignPatternViewController.h; sourceTree = "<group>"; };
		CC37322D1E9EFB7C0006E6F7 /* DesignPatternViewController.m */ = {isa = PBXFileReference; fileEncoding = 4; lastKnownFileType = sourcecode.c.objc; path = DesignPatternViewController.m; sourceTree = "<group>"; };
		CC3732301E9EFC3E0006E6F7 /* Album.h */ = {isa = PBXFileReference; fileEncoding = 4; lastKnownFileType = sourcecode.c.h; path = Album.h; sourceTree = "<group>"; };
		CC3732311E9EFC3E0006E6F7 /* Album.m */ = {isa = PBXFileReference; fileEncoding = 4; lastKnownFileType = sourcecode.c.objc; path = Album.m; sourceTree = "<group>"; };
		CC3732331E9EFCF80006E6F7 /* AlbumView.h */ = {isa = PBXFileReference; fileEncoding = 4; lastKnownFileType = sourcecode.c.h; path = AlbumView.h; sourceTree = "<group>"; };
		CC3732341E9EFCF80006E6F7 /* AlbumView.m */ = {isa = PBXFileReference; fileEncoding = 4; lastKnownFileType = sourcecode.c.objc; path = AlbumView.m; sourceTree = "<group>"; };
		CC37323A1E9EFFCE0006E6F7 /* LibraryAPI.h */ = {isa = PBXFileReference; fileEncoding = 4; lastKnownFileType = sourcecode.c.h; path = LibraryAPI.h; sourceTree = "<group>"; };
		CC37323B1E9EFFCE0006E6F7 /* LibraryAPI.m */ = {isa = PBXFileReference; fileEncoding = 4; lastKnownFileType = sourcecode.c.objc; path = LibraryAPI.m; sourceTree = "<group>"; };
		CC37323D1E9F047A0006E6F7 /* PersistencyManager.h */ = {isa = PBXFileReference; fileEncoding = 4; lastKnownFileType = sourcecode.c.h; path = PersistencyManager.h; sourceTree = "<group>"; };
		CC37323E1E9F047A0006E6F7 /* PersistencyManager.m */ = {isa = PBXFileReference; fileEncoding = 4; lastKnownFileType = sourcecode.c.objc; path = PersistencyManager.m; sourceTree = "<group>"; };
		CC3732401E9F06D90006E6F7 /* HTTPClient.h */ = {isa = PBXFileReference; fileEncoding = 4; lastKnownFileType = sourcecode.c.h; path = HTTPClient.h; sourceTree = "<group>"; };
		CC3732411E9F06D90006E6F7 /* HTTPClient.m */ = {isa = PBXFileReference; fileEncoding = 4; lastKnownFileType = sourcecode.c.objc; path = HTTPClient.m; sourceTree = "<group>"; };
		CC3732431E9F1FC30006E6F7 /* Album+TableRepresentation.h */ = {isa = PBXFileReference; fileEncoding = 4; lastKnownFileType = sourcecode.c.h; path = "Album+TableRepresentation.h"; sourceTree = "<group>"; };
		CC3732441E9F1FC30006E6F7 /* Album+TableRepresentation.m */ = {isa = PBXFileReference; fileEncoding = 4; lastKnownFileType = sourcecode.c.objc; path = "Album+TableRepresentation.m"; sourceTree = "<group>"; };
		CC3732461E9F9A2F0006E6F7 /* HorizontalScroller.h */ = {isa = PBXFileReference; fileEncoding = 4; lastKnownFileType = sourcecode.c.h; path = HorizontalScroller.h; sourceTree = "<group>"; };
		CC3732471E9F9A2F0006E6F7 /* HorizontalScroller.m */ = {isa = PBXFileReference; fileEncoding = 4; lastKnownFileType = sourcecode.c.objc; path = HorizontalScroller.m; sourceTree = "<group>"; };
		CC5F8A4D1E71128C00857008 /* DianDianDiDi.app */ = {isa = PBXFileReference; explicitFileType = wrapper.application; includeInIndex = 0; path = DianDianDiDi.app; sourceTree = BUILT_PRODUCTS_DIR; };
		CC5F8A511E71128C00857008 /* main.m */ = {isa = PBXFileReference; lastKnownFileType = sourcecode.c.objc; path = main.m; sourceTree = "<group>"; };
		CC5F8A531E71128C00857008 /* AppDelegate.h */ = {isa = PBXFileReference; lastKnownFileType = sourcecode.c.h; path = AppDelegate.h; sourceTree = "<group>"; };
		CC5F8A541E71128C00857008 /* AppDelegate.m */ = {isa = PBXFileReference; lastKnownFileType = sourcecode.c.objc; path = AppDelegate.m; sourceTree = "<group>"; };
		CC5F8A5A1E71128C00857008 /* Base */ = {isa = PBXFileReference; lastKnownFileType = file.storyboard; name = Base; path = Base.lproj/Main.storyboard; sourceTree = "<group>"; };
		CC5F8A5C1E71128C00857008 /* Assets.xcassets */ = {isa = PBXFileReference; lastKnownFileType = folder.assetcatalog; path = Assets.xcassets; sourceTree = "<group>"; };
		CC5F8A5F1E71128C00857008 /* Base */ = {isa = PBXFileReference; lastKnownFileType = file.storyboard; name = Base; path = Base.lproj/LaunchScreen.storyboard; sourceTree = "<group>"; };
		CC5F8A611E71128C00857008 /* Info.plist */ = {isa = PBXFileReference; lastKnownFileType = text.plist.xml; path = Info.plist; sourceTree = "<group>"; };
		CC5F8A661E71128C00857008 /* DianDianDiDiTests.xctest */ = {isa = PBXFileReference; explicitFileType = wrapper.cfbundle; includeInIndex = 0; path = DianDianDiDiTests.xctest; sourceTree = BUILT_PRODUCTS_DIR; };
		CC5F8A6A1E71128C00857008 /* DianDianDiDiTests.m */ = {isa = PBXFileReference; lastKnownFileType = sourcecode.c.objc; path = DianDianDiDiTests.m; sourceTree = "<group>"; };
		CC5F8A6C1E71128C00857008 /* Info.plist */ = {isa = PBXFileReference; lastKnownFileType = text.plist.xml; path = Info.plist; sourceTree = "<group>"; };
		CC5F8A711E71128C00857008 /* DianDianDiDiUITests.xctest */ = {isa = PBXFileReference; explicitFileType = wrapper.cfbundle; includeInIndex = 0; path = DianDianDiDiUITests.xctest; sourceTree = BUILT_PRODUCTS_DIR; };
		CC5F8A751E71128C00857008 /* DianDianDiDiUITests.m */ = {isa = PBXFileReference; lastKnownFileType = sourcecode.c.objc; path = DianDianDiDiUITests.m; sourceTree = "<group>"; };
		CC5F8A771E71128C00857008 /* Info.plist */ = {isa = PBXFileReference; lastKnownFileType = text.plist.xml; path = Info.plist; sourceTree = "<group>"; };
		CC5F8A831E7115FA00857008 /* ListTableViewController.h */ = {isa = PBXFileReference; fileEncoding = 4; lastKnownFileType = sourcecode.c.h; path = ListTableViewController.h; sourceTree = "<group>"; };
		CC5F8A841E7115FA00857008 /* ListTableViewController.m */ = {isa = PBXFileReference; fileEncoding = 4; lastKnownFileType = sourcecode.c.objc; path = ListTableViewController.m; sourceTree = "<group>"; };
		CC5F8A861E74A1E700857008 /* CustomizeCollectionViewController.h */ = {isa = PBXFileReference; fileEncoding = 4; lastKnownFileType = sourcecode.c.h; path = CustomizeCollectionViewController.h; sourceTree = "<group>"; };
		CC5F8A871E74A1E700857008 /* CustomizeCollectionViewController.m */ = {isa = PBXFileReference; fileEncoding = 4; lastKnownFileType = sourcecode.c.objc; path = CustomizeCollectionViewController.m; sourceTree = "<group>"; };
		CC6C213F1E7E1EAF00BA7F66 /* MixScrollViewAndTableViewController.h */ = {isa = PBXFileReference; fileEncoding = 4; lastKnownFileType = sourcecode.c.h; path = MixScrollViewAndTableViewController.h; sourceTree = "<group>"; };
		CC6C21401E7E1EAF00BA7F66 /* MixScrollViewAndTableViewController.m */ = {isa = PBXFileReference; fileEncoding = 4; lastKnownFileType = sourcecode.c.objc; path = MixScrollViewAndTableViewController.m; sourceTree = "<group>"; };
		CC6C21431E7E2BE600BA7F66 /* HeaderView.h */ = {isa = PBXFileReference; fileEncoding = 4; lastKnownFileType = sourcecode.c.h; path = HeaderView.h; sourceTree = "<group>"; };
		CC6C21441E7E2BE600BA7F66 /* HeaderView.m */ = {isa = PBXFileReference; fileEncoding = 4; lastKnownFileType = sourcecode.c.objc; path = HeaderView.m; sourceTree = "<group>"; };
		CC6C21461E7E2BF200BA7F66 /* HeaderView.xib */ = {isa = PBXFileReference; fileEncoding = 4; lastKnownFileType = file.xib; path = HeaderView.xib; sourceTree = "<group>"; };
		CC6C214E1E7F86F000BA7F66 /* CustomizedSegmentedControl.h */ = {isa = PBXFileReference; fileEncoding = 4; lastKnownFileType = sourcecode.c.h; path = CustomizedSegmentedControl.h; sourceTree = "<group>"; };
		CC6C214F1E7F86F000BA7F66 /* CustomizedSegmentedControl.m */ = {isa = PBXFileReference; fileEncoding = 4; lastKnownFileType = sourcecode.c.objc; path = CustomizedSegmentedControl.m; sourceTree = "<group>"; };
		CC6C21511E84B5C400BA7F66 /* ImageProcessingDemoViewController.h */ = {isa = PBXFileReference; fileEncoding = 4; lastKnownFileType = sourcecode.c.h; path = ImageProcessingDemoViewController.h; sourceTree = "<group>"; };
		CC6C21521E84B5C400BA7F66 /* ImageProcessingDemoViewController.m */ = {isa = PBXFileReference; fileEncoding = 4; lastKnownFileType = sourcecode.c.objc; path = ImageProcessingDemoViewController.m; sourceTree = "<group>"; };
		CCC2930E1E75D864005324D8 /* ParseServerDemoViewController.h */ = {isa = PBXFileReference; fileEncoding = 4; lastKnownFileType = sourcecode.c.h; path = ParseServerDemoViewController.h; sourceTree = "<group>"; };
		CCC2930F1E75D864005324D8 /* ParseServerDemoViewController.m */ = {isa = PBXFileReference; fileEncoding = 4; lastKnownFileType = sourcecode.c.objc; path = ParseServerDemoViewController.m; sourceTree = "<group>"; };
		CCC293111E75D916005324D8 /* ParseServerDemoViewController.xib */ = {isa = PBXFileReference; fileEncoding = 4; lastKnownFileType = file.xib; path = ParseServerDemoViewController.xib; sourceTree = "<group>"; };
		CCFB68911E750AD600B3D766 /* listDates.json */ = {isa = PBXFileReference; fileEncoding = 4; lastKnownFileType = text.json; path = listDates.json; sourceTree = "<group>"; };
/* End PBXFileReference section */

/* Begin PBXFrameworksBuildPhase section */
		CC5F8A4A1E71128C00857008 /* Frameworks */ = {
			isa = PBXFrameworksBuildPhase;
			buildActionMask = 2147483647;
			files = (
				CC2781F51E77B1CA00DEC419 /* Bolts.framework in Frameworks */,
				CC2781F61E77B1CA00DEC419 /* Parse.framework in Frameworks */,
				CC2781F71E77B1CA00DEC419 /* ParseUI.framework in Frameworks */,
			);
			runOnlyForDeploymentPostprocessing = 0;
		};
		CC5F8A631E71128C00857008 /* Frameworks */ = {
			isa = PBXFrameworksBuildPhase;
			buildActionMask = 2147483647;
			files = (
			);
			runOnlyForDeploymentPostprocessing = 0;
		};
		CC5F8A6E1E71128C00857008 /* Frameworks */ = {
			isa = PBXFrameworksBuildPhase;
			buildActionMask = 2147483647;
			files = (
			);
			runOnlyForDeploymentPostprocessing = 0;
		};
/* End PBXFrameworksBuildPhase section */

/* Begin PBXGroup section */
		0C3A550266E6CCBE300747B8 /* Frameworks */ = {
			isa = PBXGroup;
			children = (
				CC2781F21E77B1CA00DEC419 /* Bolts.framework */,
				CC2781F31E77B1CA00DEC419 /* Parse.framework */,
				CC2781F41E77B1CA00DEC419 /* ParseUI.framework */,
			);
			name = Frameworks;
			sourceTree = "<group>";
		};
		CC37322F1E9EFC090006E6F7 /* Design Pattern */ = {
			isa = PBXGroup;
			children = (
				CC3732391E9EFF310006E6F7 /* Controller */,
				CC3732381E9EFF2C0006E6F7 /* View */,
				CC3732371E9EFF260006E6F7 /* Model */,
				CC3732361E9EFF210006E6F7 /* API */,
			);
			name = "Design Pattern";
			sourceTree = "<group>";
		};
		CC3732361E9EFF210006E6F7 /* API */ = {
			isa = PBXGroup;
			children = (
				CC37323A1E9EFFCE0006E6F7 /* LibraryAPI.h */,
				CC37323B1E9EFFCE0006E6F7 /* LibraryAPI.m */,
				CC37323D1E9F047A0006E6F7 /* PersistencyManager.h */,
				CC37323E1E9F047A0006E6F7 /* PersistencyManager.m */,
				CC3732401E9F06D90006E6F7 /* HTTPClient.h */,
				CC3732411E9F06D90006E6F7 /* HTTPClient.m */,
			);
			name = API;
			sourceTree = "<group>";
		};
		CC3732371E9EFF260006E6F7 /* Model */ = {
			isa = PBXGroup;
			children = (
				CC3732301E9EFC3E0006E6F7 /* Album.h */,
				CC3732311E9EFC3E0006E6F7 /* Album.m */,
				CC3732431E9F1FC30006E6F7 /* Album+TableRepresentation.h */,
				CC3732441E9F1FC30006E6F7 /* Album+TableRepresentation.m */,
			);
			name = Model;
			sourceTree = "<group>";
		};
		CC3732381E9EFF2C0006E6F7 /* View */ = {
			isa = PBXGroup;
			children = (
				CC3732331E9EFCF80006E6F7 /* AlbumView.h */,
				CC3732341E9EFCF80006E6F7 /* AlbumView.m */,
				CC3732461E9F9A2F0006E6F7 /* HorizontalScroller.h */,
				CC3732471E9F9A2F0006E6F7 /* HorizontalScroller.m */,
			);
			name = View;
			sourceTree = "<group>";
		};
		CC3732391E9EFF310006E6F7 /* Controller */ = {
			isa = PBXGroup;
			children = (
				CC37322C1E9EFB7C0006E6F7 /* DesignPatternViewController.h */,
				CC37322D1E9EFB7C0006E6F7 /* DesignPatternViewController.m */,
			);
			name = Controller;
			sourceTree = "<group>";
		};
		CC5F8A441E71128B00857008 = {
			isa = PBXGroup;
			children = (
				CC5F8A4F1E71128C00857008 /* DianDianDiDi */,
				CC5F8A691E71128C00857008 /* DianDianDiDiTests */,
				CC5F8A741E71128C00857008 /* DianDianDiDiUITests */,
				CC5F8A4E1E71128C00857008 /* Products */,
				0C3A550266E6CCBE300747B8 /* Frameworks */,
			);
			sourceTree = "<group>";
		};
		CC5F8A4E1E71128C00857008 /* Products */ = {
			isa = PBXGroup;
			children = (
				CC5F8A4D1E71128C00857008 /* DianDianDiDi.app */,
				CC5F8A661E71128C00857008 /* DianDianDiDiTests.xctest */,
				CC5F8A711E71128C00857008 /* DianDianDiDiUITests.xctest */,
			);
			name = Products;
			sourceTree = "<group>";
		};
		CC5F8A4F1E71128C00857008 /* DianDianDiDi */ = {
			isa = PBXGroup;
			children = (
				CC5F8A531E71128C00857008 /* AppDelegate.h */,
				CC5F8A541E71128C00857008 /* AppDelegate.m */,
				CC5F8A831E7115FA00857008 /* ListTableViewController.h */,
				CC5F8A841E7115FA00857008 /* ListTableViewController.m */,
				CC5F8A591E71128C00857008 /* Main.storyboard */,
				CC5F8A5C1E71128C00857008 /* Assets.xcassets */,
				CC5F8A5E1E71128C00857008 /* LaunchScreen.storyboard */,
				CC5F8A611E71128C00857008 /* Info.plist */,
				CC5F8A501E71128C00857008 /* Supporting Files */,
				CCFB68911E750AD600B3D766 /* listDates.json */,
				CC5F8A861E74A1E700857008 /* CustomizeCollectionViewController.h */,
				CC5F8A871E74A1E700857008 /* CustomizeCollectionViewController.m */,
				CCC2930E1E75D864005324D8 /* ParseServerDemoViewController.h */,
				CCC2930F1E75D864005324D8 /* ParseServerDemoViewController.m */,
				CCC293111E75D916005324D8 /* ParseServerDemoViewController.xib */,
				CC2781F81E78F2C300DEC419 /* CoreAnimationViewController.h */,
				CC2781F91E78F2C300DEC419 /* CoreAnimationViewController.m */,
			);
			path = DianDianDiDi;
			sourceTree = "<group>";
		};
		CC5F8A501E71128C00857008 /* Supporting Files */ = {
			isa = PBXGroup;
			children = (
				CC37322F1E9EFC090006E6F7 /* Design Pattern */,
				CC6C21421E7E2BB500BA7F66 /* MixScrollViewAndTableView */,
				CC5F8A511E71128C00857008 /* main.m */,
				CC6C21511E84B5C400BA7F66 /* ImageProcessingDemoViewController.h */,
				CC6C21521E84B5C400BA7F66 /* ImageProcessingDemoViewController.m */,
			);
			name = "Supporting Files";
			sourceTree = "<group>";
		};
		CC5F8A691E71128C00857008 /* DianDianDiDiTests */ = {
			isa = PBXGroup;
			children = (
				CC5F8A6A1E71128C00857008 /* DianDianDiDiTests.m */,
				CC5F8A6C1E71128C00857008 /* Info.plist */,
			);
			path = DianDianDiDiTests;
			sourceTree = "<group>";
		};
		CC5F8A741E71128C00857008 /* DianDianDiDiUITests */ = {
			isa = PBXGroup;
			children = (
				CC5F8A751E71128C00857008 /* DianDianDiDiUITests.m */,
				CC5F8A771E71128C00857008 /* Info.plist */,
			);
			path = DianDianDiDiUITests;
			sourceTree = "<group>";
		};
		CC6C21421E7E2BB500BA7F66 /* MixScrollViewAndTableView */ = {
			isa = PBXGroup;
			children = (
				CC6C213F1E7E1EAF00BA7F66 /* MixScrollViewAndTableViewController.h */,
				CC6C21401E7E1EAF00BA7F66 /* MixScrollViewAndTableViewController.m */,
				CC6C21431E7E2BE600BA7F66 /* HeaderView.h */,
				CC6C21441E7E2BE600BA7F66 /* HeaderView.m */,
				CC6C21461E7E2BF200BA7F66 /* HeaderView.xib */,
				CC6C214E1E7F86F000BA7F66 /* CustomizedSegmentedControl.h */,
				CC6C214F1E7F86F000BA7F66 /* CustomizedSegmentedControl.m */,
			);
			name = MixScrollViewAndTableView;
			sourceTree = "<group>";
		};
/* End PBXGroup section */

/* Begin PBXNativeTarget section */
		CC5F8A4C1E71128C00857008 /* DianDianDiDi */ = {
			isa = PBXNativeTarget;
			buildConfigurationList = CC5F8A7A1E71128C00857008 /* Build configuration list for PBXNativeTarget "DianDianDiDi" */;
			buildPhases = (
				CC5F8A491E71128C00857008 /* Sources */,
				CC5F8A4A1E71128C00857008 /* Frameworks */,
				CC5F8A4B1E71128C00857008 /* Resources */,
			);
			buildRules = (
			);
			dependencies = (
			);
			name = DianDianDiDi;
			productName = DianDianDiDi;
			productReference = CC5F8A4D1E71128C00857008 /* DianDianDiDi.app */;
			productType = "com.apple.product-type.application";
		};
		CC5F8A651E71128C00857008 /* DianDianDiDiTests */ = {
			isa = PBXNativeTarget;
			buildConfigurationList = CC5F8A7D1E71128C00857008 /* Build configuration list for PBXNativeTarget "DianDianDiDiTests" */;
			buildPhases = (
				CC5F8A621E71128C00857008 /* Sources */,
				CC5F8A631E71128C00857008 /* Frameworks */,
				CC5F8A641E71128C00857008 /* Resources */,
			);
			buildRules = (
			);
			dependencies = (
				CC5F8A681E71128C00857008 /* PBXTargetDependency */,
			);
			name = DianDianDiDiTests;
			productName = DianDianDiDiTests;
			productReference = CC5F8A661E71128C00857008 /* DianDianDiDiTests.xctest */;
			productType = "com.apple.product-type.bundle.unit-test";
		};
		CC5F8A701E71128C00857008 /* DianDianDiDiUITests */ = {
			isa = PBXNativeTarget;
			buildConfigurationList = CC5F8A801E71128C00857008 /* Build configuration list for PBXNativeTarget "DianDianDiDiUITests" */;
			buildPhases = (
				CC5F8A6D1E71128C00857008 /* Sources */,
				CC5F8A6E1E71128C00857008 /* Frameworks */,
				CC5F8A6F1E71128C00857008 /* Resources */,
			);
			buildRules = (
			);
			dependencies = (
				CC5F8A731E71128C00857008 /* PBXTargetDependency */,
			);
			name = DianDianDiDiUITests;
			productName = DianDianDiDiUITests;
			productReference = CC5F8A711E71128C00857008 /* DianDianDiDiUITests.xctest */;
			productType = "com.apple.product-type.bundle.ui-testing";
		};
/* End PBXNativeTarget section */

/* Begin PBXProject section */
		CC5F8A451E71128B00857008 /* Project object */ = {
			isa = PBXProject;
			attributes = {
				LastUpgradeCheck = 0820;
				ORGANIZATIONNAME = rwu;
				TargetAttributes = {
					CC5F8A4C1E71128C00857008 = {
						CreatedOnToolsVersion = 8.2.1;
						DevelopmentTeam = 282NVW4D43;
						ProvisioningStyle = Automatic;
					};
					CC5F8A651E71128C00857008 = {
						CreatedOnToolsVersion = 8.2.1;
						ProvisioningStyle = Automatic;
						TestTargetID = CC5F8A4C1E71128C00857008;
					};
					CC5F8A701E71128C00857008 = {
						CreatedOnToolsVersion = 8.2.1;
						ProvisioningStyle = Automatic;
						TestTargetID = CC5F8A4C1E71128C00857008;
					};
				};
			};
			buildConfigurationList = CC5F8A481E71128B00857008 /* Build configuration list for PBXProject "DianDianDiDi" */;
			compatibilityVersion = "Xcode 3.2";
			developmentRegion = English;
			hasScannedForEncodings = 0;
			knownRegions = (
				en,
				Base,
			);
			mainGroup = CC5F8A441E71128B00857008;
			productRefGroup = CC5F8A4E1E71128C00857008 /* Products */;
			projectDirPath = "";
			projectRoot = "";
			targets = (
				CC5F8A4C1E71128C00857008 /* DianDianDiDi */,
				CC5F8A651E71128C00857008 /* DianDianDiDiTests */,
				CC5F8A701E71128C00857008 /* DianDianDiDiUITests */,
			);
		};
/* End PBXProject section */

/* Begin PBXResourcesBuildPhase section */
		CC5F8A4B1E71128C00857008 /* Resources */ = {
			isa = PBXResourcesBuildPhase;
			buildActionMask = 2147483647;
			files = (
				CC5F8A601E71128C00857008 /* LaunchScreen.storyboard in Resources */,
				CCC293121E75D916005324D8 /* ParseServerDemoViewController.xib in Resources */,
				CC5F8A5D1E71128C00857008 /* Assets.xcassets in Resources */,
				CC6C21471E7E2BF200BA7F66 /* HeaderView.xib in Resources */,
				CC5F8A5B1E71128C00857008 /* Main.storyboard in Resources */,
				CCFB68921E750AD600B3D766 /* listDates.json in Resources */,
			);
			runOnlyForDeploymentPostprocessing = 0;
		};
		CC5F8A641E71128C00857008 /* Resources */ = {
			isa = PBXResourcesBuildPhase;
			buildActionMask = 2147483647;
			files = (
			);
			runOnlyForDeploymentPostprocessing = 0;
		};
		CC5F8A6F1E71128C00857008 /* Resources */ = {
			isa = PBXResourcesBuildPhase;
			buildActionMask = 2147483647;
			files = (
			);
			runOnlyForDeploymentPostprocessing = 0;
		};
/* End PBXResourcesBuildPhase section */

/* Begin PBXSourcesBuildPhase section */
		CC5F8A491E71128C00857008 /* Sources */ = {
			isa = PBXSourcesBuildPhase;
			buildActionMask = 2147483647;
			files = (
				CC5F8A881E74A1E700857008 /* CustomizeCollectionViewController.m in Sources */,
				CC5F8A551E71128C00857008 /* AppDelegate.m in Sources */,
				CC5F8A521E71128C00857008 /* main.m in Sources */,
				CC3732321E9EFC3E0006E6F7 /* Album.m in Sources */,
				CC6C21451E7E2BE600BA7F66 /* HeaderView.m in Sources */,
				CC3732481E9F9A2F0006E6F7 /* HorizontalScroller.m in Sources */,
				CC37322E1E9EFB7C0006E6F7 /* DesignPatternViewController.m in Sources */,
				CC3732421E9F06DA0006E6F7 /* HTTPClient.m in Sources */,
				CC6C21531E84B5C400BA7F66 /* ImageProcessingDemoViewController.m in Sources */,
				CCC293101E75D864005324D8 /* ParseServerDemoViewController.m in Sources */,
				CC2781FA1E78F2C300DEC419 /* CoreAnimationViewController.m in Sources */,
				CC3732351E9EFCF80006E6F7 /* AlbumView.m in Sources */,
				CC37323C1E9EFFCE0006E6F7 /* LibraryAPI.m in Sources */,
				CC3732451E9F1FC30006E6F7 /* Album+TableRepresentation.m in Sources */,
				CC5F8A851E7115FA00857008 /* ListTableViewController.m in Sources */,
				CC6C21411E7E1EAF00BA7F66 /* MixScrollViewAndTableViewController.m in Sources */,
				CC6C21501E7F86F000BA7F66 /* CustomizedSegmentedControl.m in Sources */,
				CC37323F1E9F047A0006E6F7 /* PersistencyManager.m in Sources */,
			);
			runOnlyForDeploymentPostprocessing = 0;
		};
		CC5F8A621E71128C00857008 /* Sources */ = {
			isa = PBXSourcesBuildPhase;
			buildActionMask = 2147483647;
			files = (
				CC5F8A6B1E71128C00857008 /* DianDianDiDiTests.m in Sources */,
			);
			runOnlyForDeploymentPostprocessing = 0;
		};
		CC5F8A6D1E71128C00857008 /* Sources */ = {
			isa = PBXSourcesBuildPhase;
			buildActionMask = 2147483647;
			files = (
				CC5F8A761E71128C00857008 /* DianDianDiDiUITests.m in Sources */,
			);
			runOnlyForDeploymentPostprocessing = 0;
		};
/* End PBXSourcesBuildPhase section */

/* Begin PBXTargetDependency section */
		CC5F8A681E71128C00857008 /* PBXTargetDependency */ = {
			isa = PBXTargetDependency;
			target = CC5F8A4C1E71128C00857008 /* DianDianDiDi */;
			targetProxy = CC5F8A671E71128C00857008 /* PBXContainerItemProxy */;
		};
		CC5F8A731E71128C00857008 /* PBXTargetDependency */ = {
			isa = PBXTargetDependency;
			target = CC5F8A4C1E71128C00857008 /* DianDianDiDi */;
			targetProxy = CC5F8A721E71128C00857008 /* PBXContainerItemProxy */;
		};
/* End PBXTargetDependency section */

/* Begin PBXVariantGroup section */
		CC5F8A591E71128C00857008 /* Main.storyboard */ = {
			isa = PBXVariantGroup;
			children = (
				CC5F8A5A1E71128C00857008 /* Base */,
			);
			name = Main.storyboard;
			sourceTree = "<group>";
		};
		CC5F8A5E1E71128C00857008 /* LaunchScreen.storyboard */ = {
			isa = PBXVariantGroup;
			children = (
				CC5F8A5F1E71128C00857008 /* Base */,
			);
			name = LaunchScreen.storyboard;
			sourceTree = "<group>";
		};
/* End PBXVariantGroup section */

/* Begin XCBuildConfiguration section */
		CC5F8A781E71128C00857008 /* Debug */ = {
			isa = XCBuildConfiguration;
			buildSettings = {
				ALWAYS_SEARCH_USER_PATHS = NO;
				CLANG_ANALYZER_NONNULL = YES;
				CLANG_CXX_LANGUAGE_STANDARD = "gnu++0x";
				CLANG_CXX_LIBRARY = "libc++";
				CLANG_ENABLE_MODULES = YES;
				CLANG_ENABLE_OBJC_ARC = YES;
				CLANG_WARN_BOOL_CONVERSION = YES;
				CLANG_WARN_CONSTANT_CONVERSION = YES;
				CLANG_WARN_DIRECT_OBJC_ISA_USAGE = YES_ERROR;
				CLANG_WARN_DOCUMENTATION_COMMENTS = YES;
				CLANG_WARN_EMPTY_BODY = YES;
				CLANG_WARN_ENUM_CONVERSION = YES;
				CLANG_WARN_INFINITE_RECURSION = YES;
				CLANG_WARN_INT_CONVERSION = YES;
				CLANG_WARN_OBJC_ROOT_CLASS = YES_ERROR;
				CLANG_WARN_SUSPICIOUS_MOVE = YES;
				CLANG_WARN_UNREACHABLE_CODE = YES;
				CLANG_WARN__DUPLICATE_METHOD_MATCH = YES;
				"CODE_SIGN_IDENTITY[sdk=iphoneos*]" = "iPhone Developer";
				COPY_PHASE_STRIP = NO;
				DEBUG_INFORMATION_FORMAT = dwarf;
				ENABLE_STRICT_OBJC_MSGSEND = YES;
				ENABLE_TESTABILITY = YES;
				GCC_C_LANGUAGE_STANDARD = gnu99;
				GCC_DYNAMIC_NO_PIC = NO;
				GCC_NO_COMMON_BLOCKS = YES;
				GCC_OPTIMIZATION_LEVEL = 0;
				GCC_PREPROCESSOR_DEFINITIONS = (
					"DEBUG=1",
					"$(inherited)",
				);
				GCC_WARN_64_TO_32_BIT_CONVERSION = YES;
				GCC_WARN_ABOUT_RETURN_TYPE = YES_ERROR;
				GCC_WARN_UNDECLARED_SELECTOR = YES;
				GCC_WARN_UNINITIALIZED_AUTOS = YES_AGGRESSIVE;
				GCC_WARN_UNUSED_FUNCTION = YES;
				GCC_WARN_UNUSED_VARIABLE = YES;
				IPHONEOS_DEPLOYMENT_TARGET = 10.2;
				MTL_ENABLE_DEBUG_INFO = YES;
				ONLY_ACTIVE_ARCH = YES;
				SDKROOT = iphoneos;
			};
			name = Debug;
		};
		CC5F8A791E71128C00857008 /* Release */ = {
			isa = XCBuildConfiguration;
			buildSettings = {
				ALWAYS_SEARCH_USER_PATHS = NO;
				CLANG_ANALYZER_NONNULL = YES;
				CLANG_CXX_LANGUAGE_STANDARD = "gnu++0x";
				CLANG_CXX_LIBRARY = "libc++";
				CLANG_ENABLE_MODULES = YES;
				CLANG_ENABLE_OBJC_ARC = YES;
				CLANG_WARN_BOOL_CONVERSION = YES;
				CLANG_WARN_CONSTANT_CONVERSION = YES;
				CLANG_WARN_DIRECT_OBJC_ISA_USAGE = YES_ERROR;
				CLANG_WARN_DOCUMENTATION_COMMENTS = YES;
				CLANG_WARN_EMPTY_BODY = YES;
				CLANG_WARN_ENUM_CONVERSION = YES;
				CLANG_WARN_INFINITE_RECURSION = YES;
				CLANG_WARN_INT_CONVERSION = YES;
				CLANG_WARN_OBJC_ROOT_CLASS = YES_ERROR;
				CLANG_WARN_SUSPICIOUS_MOVE = YES;
				CLANG_WARN_UNREACHABLE_CODE = YES;
				CLANG_WARN__DUPLICATE_METHOD_MATCH = YES;
				"CODE_SIGN_IDENTITY[sdk=iphoneos*]" = "iPhone Developer";
				COPY_PHASE_STRIP = NO;
				DEBUG_INFORMATION_FORMAT = "dwarf-with-dsym";
				ENABLE_NS_ASSERTIONS = NO;
				ENABLE_STRICT_OBJC_MSGSEND = YES;
				GCC_C_LANGUAGE_STANDARD = gnu99;
				GCC_NO_COMMON_BLOCKS = YES;
				GCC_WARN_64_TO_32_BIT_CONVERSION = YES;
				GCC_WARN_ABOUT_RETURN_TYPE = YES_ERROR;
				GCC_WARN_UNDECLARED_SELECTOR = YES;
				GCC_WARN_UNINITIALIZED_AUTOS = YES_AGGRESSIVE;
				GCC_WARN_UNUSED_FUNCTION = YES;
				GCC_WARN_UNUSED_VARIABLE = YES;
				IPHONEOS_DEPLOYMENT_TARGET = 10.2;
				MTL_ENABLE_DEBUG_INFO = NO;
				SDKROOT = iphoneos;
				VALIDATE_PRODUCT = YES;
			};
			name = Release;
		};
		CC5F8A7B1E71128C00857008 /* Debug */ = {
			isa = XCBuildConfiguration;
			buildSettings = {
				ASSETCATALOG_COMPILER_APPICON_NAME = AppIcon;
				DEVELOPMENT_TEAM = 282NVW4D43;
				FRAMEWORK_SEARCH_PATHS = (
					"$(inherited)",
					"$(PROJECT_DIR)/Framework",
				);
				INFOPLIST_FILE = DianDianDiDi/Info.plist;
				IPHONEOS_DEPLOYMENT_TARGET = 9.0;
				LD_RUNPATH_SEARCH_PATHS = "$(inherited) @executable_path/Frameworks";
				PRODUCT_BUNDLE_IDENTIFIER = edu.learningS.rwu.DianDianDiDi;
				PRODUCT_NAME = "$(TARGET_NAME)";
			};
			name = Debug;
		};
		CC5F8A7C1E71128C00857008 /* Release */ = {
			isa = XCBuildConfiguration;
			buildSettings = {
				ASSETCATALOG_COMPILER_APPICON_NAME = AppIcon;
				DEVELOPMENT_TEAM = 282NVW4D43;
				FRAMEWORK_SEARCH_PATHS = (
					"$(inherited)",
					"$(PROJECT_DIR)/Framework",
				);
				INFOPLIST_FILE = DianDianDiDi/Info.plist;
				IPHONEOS_DEPLOYMENT_TARGET = 9.0;
				LD_RUNPATH_SEARCH_PATHS = "$(inherited) @executable_path/Frameworks";
				PRODUCT_BUNDLE_IDENTIFIER = edu.learningS.rwu.DianDianDiDi;
				PRODUCT_NAME = "$(TARGET_NAME)";
			};
			name = Release;
		};
		CC5F8A7E1E71128C00857008 /* Debug */ = {
			isa = XCBuildConfiguration;
			buildSettings = {
				BUNDLE_LOADER = "$(TEST_HOST)";
				INFOPLIST_FILE = DianDianDiDiTests/Info.plist;
				LD_RUNPATH_SEARCH_PATHS = "$(inherited) @executable_path/Frameworks @loader_path/Frameworks";
				PRODUCT_BUNDLE_IDENTIFIER = edu.learningS.rwu.DianDianDiDiTests;
				PRODUCT_NAME = "$(TARGET_NAME)";
				TEST_HOST = "$(BUILT_PRODUCTS_DIR)/DianDianDiDi.app/DianDianDiDi";
			};
			name = Debug;
		};
		CC5F8A7F1E71128C00857008 /* Release */ = {
			isa = XCBuildConfiguration;
			buildSettings = {
				BUNDLE_LOADER = "$(TEST_HOST)";
				INFOPLIST_FILE = DianDianDiDiTests/Info.plist;
				LD_RUNPATH_SEARCH_PATHS = "$(inherited) @executable_path/Frameworks @loader_path/Frameworks";
				PRODUCT_BUNDLE_IDENTIFIER = edu.learningS.rwu.DianDianDiDiTests;
				PRODUCT_NAME = "$(TARGET_NAME)";
				TEST_HOST = "$(BUILT_PRODUCTS_DIR)/DianDianDiDi.app/DianDianDiDi";
			};
			name = Release;
		};
		CC5F8A811E71128C00857008 /* Debug */ = {
			isa = XCBuildConfiguration;
			buildSettings = {
				INFOPLIST_FILE = DianDianDiDiUITests/Info.plist;
				LD_RUNPATH_SEARCH_PATHS = "$(inherited) @executable_path/Frameworks @loader_path/Frameworks";
				PRODUCT_BUNDLE_IDENTIFIER = edu.learningS.rwu.DianDianDiDiUITests;
				PRODUCT_NAME = "$(TARGET_NAME)";
				TEST_TARGET_NAME = DianDianDiDi;
			};
			name = Debug;
		};
		CC5F8A821E71128C00857008 /* Release */ = {
			isa = XCBuildConfiguration;
			buildSettings = {
				INFOPLIST_FILE = DianDianDiDiUITests/Info.plist;
				LD_RUNPATH_SEARCH_PATHS = "$(inherited) @executable_path/Frameworks @loader_path/Frameworks";
				PRODUCT_BUNDLE_IDENTIFIER = edu.learningS.rwu.DianDianDiDiUITests;
				PRODUCT_NAME = "$(TARGET_NAME)";
				TEST_TARGET_NAME = DianDianDiDi;
			};
			name = Release;
		};
/* End XCBuildConfiguration section */

/* Begin XCConfigurationList section */
		CC5F8A481E71128B00857008 /* Build configuration list for PBXProject "DianDianDiDi" */ = {
			isa = XCConfigurationList;
			buildConfigurations = (
				CC5F8A781E71128C00857008 /* Debug */,
				CC5F8A791E71128C00857008 /* Release */,
			);
			defaultConfigurationIsVisible = 0;
			defaultConfigurationName = Release;
		};
		CC5F8A7A1E71128C00857008 /* Build configuration list for PBXNativeTarget "DianDianDiDi" */ = {
			isa = XCConfigurationList;
			buildConfigurations = (
				CC5F8A7B1E71128C00857008 /* Debug */,
				CC5F8A7C1E71128C00857008 /* Release */,
			);
			defaultConfigurationIsVisible = 0;
			defaultConfigurationName = Release;
		};
		CC5F8A7D1E71128C00857008 /* Build configuration list for PBXNativeTarget "DianDianDiDiTests" */ = {
			isa = XCConfigurationList;
			buildConfigurations = (
				CC5F8A7E1E71128C00857008 /* Debug */,
				CC5F8A7F1E71128C00857008 /* Release */,
			);
			defaultConfigurationIsVisible = 0;
			defaultConfigurationName = Release;
		};
		CC5F8A801E71128C00857008 /* Build configuration list for PBXNativeTarget "DianDianDiDiUITests" */ = {
			isa = XCConfigurationList;
			buildConfigurations = (
				CC5F8A811E71128C00857008 /* Debug */,
				CC5F8A821E71128C00857008 /* Release */,
			);
			defaultConfigurationIsVisible = 0;
			defaultConfigurationName = Release;
		};
/* End XCConfigurationList section */
	};
	rootObject = CC5F8A451E71128B00857008 /* Project object */;
}
